// !$*UTF8*$!
{
	archiveVersion = 1;
	classes = {
	};
	objectVersion = 55;
	objects = {

/* Begin PBXBuildFile section */
		FF1E1AD928067840009DB102 /* HTTPRequestable.swift in Sources */ = {isa = PBXBuildFile; fileRef = FF1E1AD828067840009DB102 /* HTTPRequestable.swift */; };
		FF1E1ADB28067D18009DB102 /* HTTPClient.swift in Sources */ = {isa = PBXBuildFile; fileRef = FF1E1ADA28067D18009DB102 /* HTTPClient.swift */; };
		FF1E1ADE28067ED5009DB102 /* HTTPRespose.swift in Sources */ = {isa = PBXBuildFile; fileRef = FF1E1ADD28067ED5009DB102 /* HTTPRespose.swift */; };
		FF1E1AE0280682EF009DB102 /* URLSessionHTTPClient.swift in Sources */ = {isa = PBXBuildFile; fileRef = FF1E1ADF280682EF009DB102 /* URLSessionHTTPClient.swift */; };
		FF1E1AE22806FF72009DB102 /* HTTPResponseBuilder.swift in Sources */ = {isa = PBXBuildFile; fileRef = FF1E1AE12806FF72009DB102 /* HTTPResponseBuilder.swift */; };
		FF518A8A28085911004123B0 /* MenuViewController.swift in Sources */ = {isa = PBXBuildFile; fileRef = FF518A8828085911004123B0 /* MenuViewController.swift */; };
		FF518A8B28085911004123B0 /* MenuViewController.xib in Resources */ = {isa = PBXBuildFile; fileRef = FF518A8928085911004123B0 /* MenuViewController.xib */; };
		FF518A8E28085C8E004123B0 /* MenuPresenter.swift in Sources */ = {isa = PBXBuildFile; fileRef = FF518A8D28085C8E004123B0 /* MenuPresenter.swift */; };
		FF518A912808AEC4004123B0 /* ResultResponse.swift in Sources */ = {isa = PBXBuildFile; fileRef = FF518A902808AEC4004123B0 /* ResultResponse.swift */; };
		FF518A932808AF1C004123B0 /* MoviesResponse.swift in Sources */ = {isa = PBXBuildFile; fileRef = FF518A922808AF1C004123B0 /* MoviesResponse.swift */; };
		FF518A962808B0EC004123B0 /* LoadingView.swift in Sources */ = {isa = PBXBuildFile; fileRef = FF518A952808B0EC004123B0 /* LoadingView.swift */; };
		FF518A992808CA51004123B0 /* ListTableViewController.swift in Sources */ = {isa = PBXBuildFile; fileRef = FF518A972808CA51004123B0 /* ListTableViewController.swift */; };
		FF518A9A2808CA51004123B0 /* ListTableViewController.xib in Resources */ = {isa = PBXBuildFile; fileRef = FF518A982808CA51004123B0 /* ListTableViewController.xib */; };
		FF518A9C2808CA94004123B0 /* ListPresenter.swift in Sources */ = {isa = PBXBuildFile; fileRef = FF518A9B2808CA94004123B0 /* ListPresenter.swift */; };
		FF518AA02808CC4E004123B0 /* PosterTableViewCell.swift in Sources */ = {isa = PBXBuildFile; fileRef = FF518A9E2808CC4E004123B0 /* PosterTableViewCell.swift */; };
		FF518AA12808CC4E004123B0 /* PosterTableViewCell.xib in Resources */ = {isa = PBXBuildFile; fileRef = FF518A9F2808CC4E004123B0 /* PosterTableViewCell.xib */; };
		FF518AA42808CFE3004123B0 /* UITableViewCellRegistrable.swift in Sources */ = {isa = PBXBuildFile; fileRef = FF518AA32808CFE3004123B0 /* UITableViewCellRegistrable.swift */; };
		FF518AA62808D4D1004123B0 /* PosterTableViewCellFactory.swift in Sources */ = {isa = PBXBuildFile; fileRef = FF518AA52808D4D1004123B0 /* PosterTableViewCellFactory.swift */; };
		FF518AAA2808D69F004123B0 /* PosterViewModel.swift in Sources */ = {isa = PBXBuildFile; fileRef = FF518AA92808D69F004123B0 /* PosterViewModel.swift */; };
		FF518AAC2808E392004123B0 /* MovieDatabaseService.swift in Sources */ = {isa = PBXBuildFile; fileRef = FF518AAB2808E392004123B0 /* MovieDatabaseService.swift */; };
		FF518AAF2808F681004123B0 /* TableViewModel.swift in Sources */ = {isa = PBXBuildFile; fileRef = FF518AAE2808F681004123B0 /* TableViewModel.swift */; };
		FF518AB12808F6F8004123B0 /* TableViewExtension.swift in Sources */ = {isa = PBXBuildFile; fileRef = FF518AB02808F6F8004123B0 /* TableViewExtension.swift */; };
		FF518AB32809D78B004123B0 /* MainThreadExecutable.swift in Sources */ = {isa = PBXBuildFile; fileRef = FF518AB22809D78B004123B0 /* MainThreadExecutable.swift */; };
		FF518AB52809D7C5004123B0 /* ImageCache.swift in Sources */ = {isa = PBXBuildFile; fileRef = FF518AB42809D7C5004123B0 /* ImageCache.swift */; };
		FF518AC52809DD97004123B0 /* SearchMovieTableViewController.swift in Sources */ = {isa = PBXBuildFile; fileRef = FF518AC32809DD97004123B0 /* SearchMovieTableViewController.swift */; };
		FF518AC62809DD97004123B0 /* SearchMovieTableViewController.xib in Resources */ = {isa = PBXBuildFile; fileRef = FF518AC42809DD97004123B0 /* SearchMovieTableViewController.xib */; };
		FF518ACD280A64DD004123B0 /* LoaderTableViewCell.swift in Sources */ = {isa = PBXBuildFile; fileRef = FF518ACB280A64DD004123B0 /* LoaderTableViewCell.swift */; };
		FF518ACE280A64DD004123B0 /* LoaderTableViewCell.xib in Resources */ = {isa = PBXBuildFile; fileRef = FF518ACC280A64DD004123B0 /* LoaderTableViewCell.xib */; };
		FF518AD2280B7B23004123B0 /* MovieDetailViewController.swift in Sources */ = {isa = PBXBuildFile; fileRef = FF518AD0280B7B23004123B0 /* MovieDetailViewController.swift */; };
		FF518AD3280B7B23004123B0 /* MovieDetailViewController.xib in Resources */ = {isa = PBXBuildFile; fileRef = FF518AD1280B7B23004123B0 /* MovieDetailViewController.xib */; };
		FF518AD5280B7B8C004123B0 /* MovieDetailPresenter.swift in Sources */ = {isa = PBXBuildFile; fileRef = FF518AD4280B7B8C004123B0 /* MovieDetailPresenter.swift */; };
		FF518AD7280B7D08004123B0 /* SearchMoviePresenter.swift in Sources */ = {isa = PBXBuildFile; fileRef = FF518AD6280B7D08004123B0 /* SearchMoviePresenter.swift */; };
		FF518ADA280B7FD1004123B0 /* ViewCoordinator.swift in Sources */ = {isa = PBXBuildFile; fileRef = FF518AD9280B7FD1004123B0 /* ViewCoordinator.swift */; };
		FF518ADD280BA7F5004123B0 /* ListPresentable.swift in Sources */ = {isa = PBXBuildFile; fileRef = FF518ADC280BA7F5004123B0 /* ListPresentable.swift */; };
		FF518ADF280BA82E004123B0 /* ListMoviesDisplayable.swift in Sources */ = {isa = PBXBuildFile; fileRef = FF518ADE280BA82E004123B0 /* ListMoviesDisplayable.swift */; };
		FF518AE1280BB2D6004123B0 /* LoaderDisplayable.swift in Sources */ = {isa = PBXBuildFile; fileRef = FF518AE0280BB2D6004123B0 /* LoaderDisplayable.swift */; };
		FF518AE3280BC9A6004123B0 /* MovieDetailResponse.swift in Sources */ = {isa = PBXBuildFile; fileRef = FF518AE2280BC9A6004123B0 /* MovieDetailResponse.swift */; };
		FF518AE5280BD3B0004123B0 /* Requests.swift in Sources */ = {isa = PBXBuildFile; fileRef = FF518AE4280BD3B0004123B0 /* Requests.swift */; };
		FF518AE7280CA819004123B0 /* AlertViewModel.swift in Sources */ = {isa = PBXBuildFile; fileRef = FF518AE6280CA819004123B0 /* AlertViewModel.swift */; };
		FF518AE9280CA903004123B0 /* UIAlertController.swift in Sources */ = {isa = PBXBuildFile; fileRef = FF518AE8280CA903004123B0 /* UIAlertController.swift */; };
		FF518AEB280CE3C1004123B0 /* Reachability.swift in Sources */ = {isa = PBXBuildFile; fileRef = FF518AEA280CE3C1004123B0 /* Reachability.swift */; };
		FF518AED280CEA3E004123B0 /* CodableStorage.swift in Sources */ = {isa = PBXBuildFile; fileRef = FF518AEC280CEA3E004123B0 /* CodableStorage.swift */; };
		FF518AEF280D15EB004123B0 /* ViewCoordinatorTests.swift in Sources */ = {isa = PBXBuildFile; fileRef = FF518AEE280D15EB004123B0 /* ViewCoordinatorTests.swift */; };
		FF518AF2280D1715004123B0 /* NavigationControllerMock.swift in Sources */ = {isa = PBXBuildFile; fileRef = FF518AF1280D1715004123B0 /* NavigationControllerMock.swift */; };
		FF518AF4280D1831004123B0 /* NetworkReachabilityMock.swift in Sources */ = {isa = PBXBuildFile; fileRef = FF518AF3280D1831004123B0 /* NetworkReachabilityMock.swift */; };
		FF518AF8280D194E004123B0 /* MenuPresenterTests.swift in Sources */ = {isa = PBXBuildFile; fileRef = FF518AF7280D194E004123B0 /* MenuPresenterTests.swift */; };
		FF518AFA280D1B61004123B0 /* PosterTableViewCellFactoryTests.swift in Sources */ = {isa = PBXBuildFile; fileRef = FF518AF9280D1B61004123B0 /* PosterTableViewCellFactoryTests.swift */; };
		FF518AFC280D2111004123B0 /* MenuViewControllerMock.swift in Sources */ = {isa = PBXBuildFile; fileRef = FF518AFB280D2111004123B0 /* MenuViewControllerMock.swift */; };
		FF518B00280D23D8004123B0 /* HTTPResponseBuilderTests.swift in Sources */ = {isa = PBXBuildFile; fileRef = FF518AFF280D23D8004123B0 /* HTTPResponseBuilderTests.swift */; };
		FF518B02280D97E1004123B0 /* ImageCacheTests.swift in Sources */ = {isa = PBXBuildFile; fileRef = FF518B01280D97E1004123B0 /* ImageCacheTests.swift */; };
		FF518B04280D980A004123B0 /* HTTPClientMock.swift in Sources */ = {isa = PBXBuildFile; fileRef = FF518B03280D980A004123B0 /* HTTPClientMock.swift */; };
		FF7E3432280660B100723913 /* AppDelegate.swift in Sources */ = {isa = PBXBuildFile; fileRef = FF7E3431280660B100723913 /* AppDelegate.swift */; };
		FF7E3434280660B100723913 /* SceneDelegate.swift in Sources */ = {isa = PBXBuildFile; fileRef = FF7E3433280660B100723913 /* SceneDelegate.swift */; };
		FF7E3436280660B100723913 /* ViewController.swift in Sources */ = {isa = PBXBuildFile; fileRef = FF7E3435280660B100723913 /* ViewController.swift */; };
		FF7E343B280660B200723913 /* Assets.xcassets in Resources */ = {isa = PBXBuildFile; fileRef = FF7E343A280660B200723913 /* Assets.xcassets */; };
		FF7E343E280660B200723913 /* LaunchScreen.storyboard in Resources */ = {isa = PBXBuildFile; fileRef = FF7E343C280660B200723913 /* LaunchScreen.storyboard */; };
		FF7E3453280660B300723913 /* MovieTimeUITests.swift in Sources */ = {isa = PBXBuildFile; fileRef = FF7E3452280660B300723913 /* MovieTimeUITests.swift */; };
		FF7E3455280660B300723913 /* MovieTimeUITestsLaunchTests.swift in Sources */ = {isa = PBXBuildFile; fileRef = FF7E3454280660B300723913 /* MovieTimeUITestsLaunchTests.swift */; };
/* End PBXBuildFile section */

/* Begin PBXContainerItemProxy section */
		FF7E3445280660B300723913 /* PBXContainerItemProxy */ = {
			isa = PBXContainerItemProxy;
			containerPortal = FF7E3426280660B100723913 /* Project object */;
			proxyType = 1;
			remoteGlobalIDString = FF7E342D280660B100723913;
			remoteInfo = MovieTime;
		};
		FF7E344F280660B300723913 /* PBXContainerItemProxy */ = {
			isa = PBXContainerItemProxy;
			containerPortal = FF7E3426280660B100723913 /* Project object */;
			proxyType = 1;
			remoteGlobalIDString = FF7E342D280660B100723913;
			remoteInfo = MovieTime;
		};
/* End PBXContainerItemProxy section */

/* Begin PBXFileReference section */
		FF1E1AD828067840009DB102 /* HTTPRequestable.swift */ = {isa = PBXFileReference; lastKnownFileType = sourcecode.swift; path = HTTPRequestable.swift; sourceTree = "<group>"; };
		FF1E1ADA28067D18009DB102 /* HTTPClient.swift */ = {isa = PBXFileReference; lastKnownFileType = sourcecode.swift; path = HTTPClient.swift; sourceTree = "<group>"; };
		FF1E1ADD28067ED5009DB102 /* HTTPRespose.swift */ = {isa = PBXFileReference; lastKnownFileType = sourcecode.swift; path = HTTPRespose.swift; sourceTree = "<group>"; };
		FF1E1ADF280682EF009DB102 /* URLSessionHTTPClient.swift */ = {isa = PBXFileReference; lastKnownFileType = sourcecode.swift; path = URLSessionHTTPClient.swift; sourceTree = "<group>"; };
		FF1E1AE12806FF72009DB102 /* HTTPResponseBuilder.swift */ = {isa = PBXFileReference; lastKnownFileType = sourcecode.swift; path = HTTPResponseBuilder.swift; sourceTree = "<group>"; };
		FF518A8828085911004123B0 /* MenuViewController.swift */ = {isa = PBXFileReference; lastKnownFileType = sourcecode.swift; path = MenuViewController.swift; sourceTree = "<group>"; };
		FF518A8928085911004123B0 /* MenuViewController.xib */ = {isa = PBXFileReference; lastKnownFileType = file.xib; path = MenuViewController.xib; sourceTree = "<group>"; };
		FF518A8D28085C8E004123B0 /* MenuPresenter.swift */ = {isa = PBXFileReference; lastKnownFileType = sourcecode.swift; path = MenuPresenter.swift; sourceTree = "<group>"; };
		FF518A902808AEC4004123B0 /* ResultResponse.swift */ = {isa = PBXFileReference; lastKnownFileType = sourcecode.swift; path = ResultResponse.swift; sourceTree = "<group>"; };
		FF518A922808AF1C004123B0 /* MoviesResponse.swift */ = {isa = PBXFileReference; lastKnownFileType = sourcecode.swift; path = MoviesResponse.swift; sourceTree = "<group>"; };
		FF518A952808B0EC004123B0 /* LoadingView.swift */ = {isa = PBXFileReference; lastKnownFileType = sourcecode.swift; path = LoadingView.swift; sourceTree = "<group>"; };
		FF518A972808CA51004123B0 /* ListTableViewController.swift */ = {isa = PBXFileReference; lastKnownFileType = sourcecode.swift; path = ListTableViewController.swift; sourceTree = "<group>"; };
		FF518A982808CA51004123B0 /* ListTableViewController.xib */ = {isa = PBXFileReference; lastKnownFileType = file.xib; path = ListTableViewController.xib; sourceTree = "<group>"; };
		FF518A9B2808CA94004123B0 /* ListPresenter.swift */ = {isa = PBXFileReference; lastKnownFileType = sourcecode.swift; path = ListPresenter.swift; sourceTree = "<group>"; };
		FF518A9E2808CC4E004123B0 /* PosterTableViewCell.swift */ = {isa = PBXFileReference; lastKnownFileType = sourcecode.swift; path = PosterTableViewCell.swift; sourceTree = "<group>"; };
		FF518A9F2808CC4E004123B0 /* PosterTableViewCell.xib */ = {isa = PBXFileReference; lastKnownFileType = file.xib; path = PosterTableViewCell.xib; sourceTree = "<group>"; };
		FF518AA32808CFE3004123B0 /* UITableViewCellRegistrable.swift */ = {isa = PBXFileReference; lastKnownFileType = sourcecode.swift; path = UITableViewCellRegistrable.swift; sourceTree = "<group>"; };
		FF518AA52808D4D1004123B0 /* PosterTableViewCellFactory.swift */ = {isa = PBXFileReference; lastKnownFileType = sourcecode.swift; path = PosterTableViewCellFactory.swift; sourceTree = "<group>"; };
		FF518AA92808D69F004123B0 /* PosterViewModel.swift */ = {isa = PBXFileReference; lastKnownFileType = sourcecode.swift; path = PosterViewModel.swift; sourceTree = "<group>"; };
		FF518AAB2808E392004123B0 /* MovieDatabaseService.swift */ = {isa = PBXFileReference; lastKnownFileType = sourcecode.swift; path = MovieDatabaseService.swift; sourceTree = "<group>"; };
		FF518AAE2808F681004123B0 /* TableViewModel.swift */ = {isa = PBXFileReference; lastKnownFileType = sourcecode.swift; path = TableViewModel.swift; sourceTree = "<group>"; };
		FF518AB02808F6F8004123B0 /* TableViewExtension.swift */ = {isa = PBXFileReference; lastKnownFileType = sourcecode.swift; path = TableViewExtension.swift; sourceTree = "<group>"; };
		FF518AB22809D78B004123B0 /* MainThreadExecutable.swift */ = {isa = PBXFileReference; lastKnownFileType = sourcecode.swift; path = MainThreadExecutable.swift; sourceTree = "<group>"; };
		FF518AB42809D7C5004123B0 /* ImageCache.swift */ = {isa = PBXFileReference; lastKnownFileType = sourcecode.swift; path = ImageCache.swift; sourceTree = "<group>"; };
		FF518AC32809DD97004123B0 /* SearchMovieTableViewController.swift */ = {isa = PBXFileReference; lastKnownFileType = sourcecode.swift; path = SearchMovieTableViewController.swift; sourceTree = "<group>"; };
		FF518AC42809DD97004123B0 /* SearchMovieTableViewController.xib */ = {isa = PBXFileReference; lastKnownFileType = file.xib; path = SearchMovieTableViewController.xib; sourceTree = "<group>"; };
		FF518ACB280A64DD004123B0 /* LoaderTableViewCell.swift */ = {isa = PBXFileReference; lastKnownFileType = sourcecode.swift; path = LoaderTableViewCell.swift; sourceTree = "<group>"; };
		FF518ACC280A64DD004123B0 /* LoaderTableViewCell.xib */ = {isa = PBXFileReference; lastKnownFileType = file.xib; path = LoaderTableViewCell.xib; sourceTree = "<group>"; };
		FF518AD0280B7B23004123B0 /* MovieDetailViewController.swift */ = {isa = PBXFileReference; lastKnownFileType = sourcecode.swift; path = MovieDetailViewController.swift; sourceTree = "<group>"; };
		FF518AD1280B7B23004123B0 /* MovieDetailViewController.xib */ = {isa = PBXFileReference; lastKnownFileType = file.xib; path = MovieDetailViewController.xib; sourceTree = "<group>"; };
		FF518AD4280B7B8C004123B0 /* MovieDetailPresenter.swift */ = {isa = PBXFileReference; lastKnownFileType = sourcecode.swift; path = MovieDetailPresenter.swift; sourceTree = "<group>"; };
		FF518AD6280B7D08004123B0 /* SearchMoviePresenter.swift */ = {isa = PBXFileReference; lastKnownFileType = sourcecode.swift; path = SearchMoviePresenter.swift; sourceTree = "<group>"; };
		FF518AD9280B7FD1004123B0 /* ViewCoordinator.swift */ = {isa = PBXFileReference; lastKnownFileType = sourcecode.swift; path = ViewCoordinator.swift; sourceTree = "<group>"; };
		FF518ADC280BA7F5004123B0 /* ListPresentable.swift */ = {isa = PBXFileReference; lastKnownFileType = sourcecode.swift; path = ListPresentable.swift; sourceTree = "<group>"; };
		FF518ADE280BA82E004123B0 /* ListMoviesDisplayable.swift */ = {isa = PBXFileReference; lastKnownFileType = sourcecode.swift; path = ListMoviesDisplayable.swift; sourceTree = "<group>"; };
		FF518AE0280BB2D6004123B0 /* LoaderDisplayable.swift */ = {isa = PBXFileReference; lastKnownFileType = sourcecode.swift; path = LoaderDisplayable.swift; sourceTree = "<group>"; };
		FF518AE2280BC9A6004123B0 /* MovieDetailResponse.swift */ = {isa = PBXFileReference; lastKnownFileType = sourcecode.swift; path = MovieDetailResponse.swift; sourceTree = "<group>"; };
		FF518AE4280BD3B0004123B0 /* Requests.swift */ = {isa = PBXFileReference; lastKnownFileType = sourcecode.swift; path = Requests.swift; sourceTree = "<group>"; };
		FF518AE6280CA819004123B0 /* AlertViewModel.swift */ = {isa = PBXFileReference; lastKnownFileType = sourcecode.swift; path = AlertViewModel.swift; sourceTree = "<group>"; };
		FF518AE8280CA903004123B0 /* UIAlertController.swift */ = {isa = PBXFileReference; lastKnownFileType = sourcecode.swift; path = UIAlertController.swift; sourceTree = "<group>"; };
		FF518AEA280CE3C1004123B0 /* Reachability.swift */ = {isa = PBXFileReference; lastKnownFileType = sourcecode.swift; path = Reachability.swift; sourceTree = "<group>"; };
		FF518AEC280CEA3E004123B0 /* CodableStorage.swift */ = {isa = PBXFileReference; lastKnownFileType = sourcecode.swift; path = CodableStorage.swift; sourceTree = "<group>"; };
		FF518AEE280D15EB004123B0 /* ViewCoordinatorTests.swift */ = {isa = PBXFileReference; lastKnownFileType = sourcecode.swift; path = ViewCoordinatorTests.swift; sourceTree = "<group>"; };
		FF518AF1280D1715004123B0 /* NavigationControllerMock.swift */ = {isa = PBXFileReference; lastKnownFileType = sourcecode.swift; path = NavigationControllerMock.swift; sourceTree = "<group>"; };
		FF518AF3280D1831004123B0 /* NetworkReachabilityMock.swift */ = {isa = PBXFileReference; lastKnownFileType = sourcecode.swift; path = NetworkReachabilityMock.swift; sourceTree = "<group>"; };
		FF518AF7280D194E004123B0 /* MenuPresenterTests.swift */ = {isa = PBXFileReference; lastKnownFileType = sourcecode.swift; path = MenuPresenterTests.swift; sourceTree = "<group>"; };
		FF518AF9280D1B61004123B0 /* PosterTableViewCellFactoryTests.swift */ = {isa = PBXFileReference; lastKnownFileType = sourcecode.swift; path = PosterTableViewCellFactoryTests.swift; sourceTree = "<group>"; };
		FF518AFB280D2111004123B0 /* MenuViewControllerMock.swift */ = {isa = PBXFileReference; lastKnownFileType = sourcecode.swift; path = MenuViewControllerMock.swift; sourceTree = "<group>"; };
		FF518AFF280D23D8004123B0 /* HTTPResponseBuilderTests.swift */ = {isa = PBXFileReference; lastKnownFileType = sourcecode.swift; path = HTTPResponseBuilderTests.swift; sourceTree = "<group>"; };
		FF518B01280D97E1004123B0 /* ImageCacheTests.swift */ = {isa = PBXFileReference; lastKnownFileType = sourcecode.swift; path = ImageCacheTests.swift; sourceTree = "<group>"; };
		FF518B03280D980A004123B0 /* HTTPClientMock.swift */ = {isa = PBXFileReference; lastKnownFileType = sourcecode.swift; path = HTTPClientMock.swift; sourceTree = "<group>"; };
		FF7E342E280660B100723913 /* MovieTime.app */ = {isa = PBXFileReference; explicitFileType = wrapper.application; includeInIndex = 0; path = MovieTime.app; sourceTree = BUILT_PRODUCTS_DIR; };
		FF7E3431280660B100723913 /* AppDelegate.swift */ = {isa = PBXFileReference; lastKnownFileType = sourcecode.swift; path = AppDelegate.swift; sourceTree = "<group>"; };
		FF7E3433280660B100723913 /* SceneDelegate.swift */ = {isa = PBXFileReference; lastKnownFileType = sourcecode.swift; path = SceneDelegate.swift; sourceTree = "<group>"; };
		FF7E3435280660B100723913 /* ViewController.swift */ = {isa = PBXFileReference; lastKnownFileType = sourcecode.swift; path = ViewController.swift; sourceTree = "<group>"; };
		FF7E343A280660B200723913 /* Assets.xcassets */ = {isa = PBXFileReference; lastKnownFileType = folder.assetcatalog; path = Assets.xcassets; sourceTree = "<group>"; };
		FF7E343D280660B200723913 /* Base */ = {isa = PBXFileReference; lastKnownFileType = file.storyboard; name = Base; path = Base.lproj/LaunchScreen.storyboard; sourceTree = "<group>"; };
		FF7E343F280660B200723913 /* Info.plist */ = {isa = PBXFileReference; lastKnownFileType = text.plist.xml; path = Info.plist; sourceTree = "<group>"; };
		FF7E3444280660B300723913 /* MovieTimeTests.xctest */ = {isa = PBXFileReference; explicitFileType = wrapper.cfbundle; includeInIndex = 0; path = MovieTimeTests.xctest; sourceTree = BUILT_PRODUCTS_DIR; };
		FF7E344E280660B300723913 /* MovieTimeUITests.xctest */ = {isa = PBXFileReference; explicitFileType = wrapper.cfbundle; includeInIndex = 0; path = MovieTimeUITests.xctest; sourceTree = BUILT_PRODUCTS_DIR; };
		FF7E3452280660B300723913 /* MovieTimeUITests.swift */ = {isa = PBXFileReference; lastKnownFileType = sourcecode.swift; path = MovieTimeUITests.swift; sourceTree = "<group>"; };
		FF7E3454280660B300723913 /* MovieTimeUITestsLaunchTests.swift */ = {isa = PBXFileReference; lastKnownFileType = sourcecode.swift; path = MovieTimeUITestsLaunchTests.swift; sourceTree = "<group>"; };
/* End PBXFileReference section */

/* Begin PBXFrameworksBuildPhase section */
		FF7E342B280660B100723913 /* Frameworks */ = {
			isa = PBXFrameworksBuildPhase;
			buildActionMask = 2147483647;
			files = (
			);
			runOnlyForDeploymentPostprocessing = 0;
		};
		FF7E3441280660B300723913 /* Frameworks */ = {
			isa = PBXFrameworksBuildPhase;
			buildActionMask = 2147483647;
			files = (
			);
			runOnlyForDeploymentPostprocessing = 0;
		};
		FF7E344B280660B300723913 /* Frameworks */ = {
			isa = PBXFrameworksBuildPhase;
			buildActionMask = 2147483647;
			files = (
			);
			runOnlyForDeploymentPostprocessing = 0;
		};
/* End PBXFrameworksBuildPhase section */

/* Begin PBXGroup section */
		FF1E1AD0280665E8009DB102 /* Scenes */ = {
			isa = PBXGroup;
			children = (
				FF518A9D2808CBC9004123B0 /* Common */,
				FF518A8C28085C71004123B0 /* Menu */,
				FF1E1AD1280666A2009DB102 /* List */,
				FF518ACF280B5B40004123B0 /* MovieDetail */,
				FF518AC22809DD73004123B0 /* Search */,
			);
			path = Scenes;
			sourceTree = "<group>";
		};
		FF1E1AD1280666A2009DB102 /* List */ = {
			isa = PBXGroup;
			children = (
				FF518A972808CA51004123B0 /* ListTableViewController.swift */,
				FF518A982808CA51004123B0 /* ListTableViewController.xib */,
				FF518A9B2808CA94004123B0 /* ListPresenter.swift */,
			);
			path = List;
			sourceTree = "<group>";
		};
		FF1E1AD6280667D4009DB102 /* Networking */ = {
			isa = PBXGroup;
			children = (
				FF1E1AD72806781F009DB102 /* Protocol */,
				FF1E1ADD28067ED5009DB102 /* HTTPRespose.swift */,
				FF1E1AE12806FF72009DB102 /* HTTPResponseBuilder.swift */,
				FF1E1ADF280682EF009DB102 /* URLSessionHTTPClient.swift */,
				FF518AB42809D7C5004123B0 /* ImageCache.swift */,
				FF518AAB2808E392004123B0 /* MovieDatabaseService.swift */,
				FF518AE4280BD3B0004123B0 /* Requests.swift */,
				FF518AEA280CE3C1004123B0 /* Reachability.swift */,
				FF518AEC280CEA3E004123B0 /* CodableStorage.swift */,
			);
			path = Networking;
			sourceTree = "<group>";
		};
		FF1E1AD72806781F009DB102 /* Protocol */ = {
			isa = PBXGroup;
			children = (
				FF1E1AD828067840009DB102 /* HTTPRequestable.swift */,
				FF1E1ADA28067D18009DB102 /* HTTPClient.swift */,
				FF518AB22809D78B004123B0 /* MainThreadExecutable.swift */,
			);
			path = Protocol;
			sourceTree = "<group>";
		};
		FF518A8C28085C71004123B0 /* Menu */ = {
			isa = PBXGroup;
			children = (
				FF518A8828085911004123B0 /* MenuViewController.swift */,
				FF518A8928085911004123B0 /* MenuViewController.xib */,
				FF518A8D28085C8E004123B0 /* MenuPresenter.swift */,
			);
			path = Menu;
			sourceTree = "<group>";
		};
		FF518A8F2808AE85004123B0 /* Domain Models */ = {
			isa = PBXGroup;
			children = (
				FF518A922808AF1C004123B0 /* MoviesResponse.swift */,
				FF518A902808AEC4004123B0 /* ResultResponse.swift */,
				FF518AE2280BC9A6004123B0 /* MovieDetailResponse.swift */,
			);
			path = "Domain Models";
			sourceTree = "<group>";
		};
		FF518A942808B0AA004123B0 /* Utilts */ = {
			isa = PBXGroup;
			children = (
				FF518AA22808CFB6004123B0 /* Extension */,
				FF518A952808B0EC004123B0 /* LoadingView.swift */,
			);
			path = Utilts;
			sourceTree = "<group>";
		};
		FF518A9D2808CBC9004123B0 /* Common */ = {
			isa = PBXGroup;
			children = (
				FF518ADB280BA7D9004123B0 /* Protocol */,
				FF518AA82808D597004123B0 /* ViewModels */,
				FF518AA72808D588004123B0 /* Cells */,
				FF518AA52808D4D1004123B0 /* PosterTableViewCellFactory.swift */,
			);
			path = Common;
			sourceTree = "<group>";
		};
		FF518AA22808CFB6004123B0 /* Extension */ = {
			isa = PBXGroup;
			children = (
				FF518AA32808CFE3004123B0 /* UITableViewCellRegistrable.swift */,
				FF518AB02808F6F8004123B0 /* TableViewExtension.swift */,
				FF518AE8280CA903004123B0 /* UIAlertController.swift */,
			);
			path = Extension;
			sourceTree = "<group>";
		};
		FF518AA72808D588004123B0 /* Cells */ = {
			isa = PBXGroup;
			children = (
				FF518A9E2808CC4E004123B0 /* PosterTableViewCell.swift */,
				FF518A9F2808CC4E004123B0 /* PosterTableViewCell.xib */,
				FF518ACB280A64DD004123B0 /* LoaderTableViewCell.swift */,
				FF518ACC280A64DD004123B0 /* LoaderTableViewCell.xib */,
			);
			path = Cells;
			sourceTree = "<group>";
		};
		FF518AA82808D597004123B0 /* ViewModels */ = {
			isa = PBXGroup;
			children = (
				FF518AA92808D69F004123B0 /* PosterViewModel.swift */,
				FF518AAE2808F681004123B0 /* TableViewModel.swift */,
				FF518AE6280CA819004123B0 /* AlertViewModel.swift */,
			);
			path = ViewModels;
			sourceTree = "<group>";
		};
		FF518AC22809DD73004123B0 /* Search */ = {
			isa = PBXGroup;
			children = (
				FF518AC32809DD97004123B0 /* SearchMovieTableViewController.swift */,
				FF518AC42809DD97004123B0 /* SearchMovieTableViewController.xib */,
				FF518AD6280B7D08004123B0 /* SearchMoviePresenter.swift */,
			);
			path = Search;
			sourceTree = "<group>";
		};
		FF518ACF280B5B40004123B0 /* MovieDetail */ = {
			isa = PBXGroup;
			children = (
				FF518AD0280B7B23004123B0 /* MovieDetailViewController.swift */,
				FF518AD1280B7B23004123B0 /* MovieDetailViewController.xib */,
				FF518AD4280B7B8C004123B0 /* MovieDetailPresenter.swift */,
			);
			path = MovieDetail;
			sourceTree = "<group>";
		};
		FF518AD8280B7FBA004123B0 /* ViewCordinator */ = {
			isa = PBXGroup;
			children = (
				FF518AD9280B7FD1004123B0 /* ViewCoordinator.swift */,
			);
			path = ViewCordinator;
			sourceTree = "<group>";
		};
		FF518ADB280BA7D9004123B0 /* Protocol */ = {
			isa = PBXGroup;
			children = (
				FF518AE0280BB2D6004123B0 /* LoaderDisplayable.swift */,
				FF518ADE280BA82E004123B0 /* ListMoviesDisplayable.swift */,
				FF518ADC280BA7F5004123B0 /* ListPresentable.swift */,
			);
			path = Protocol;
			sourceTree = "<group>";
		};
		FF518AF0280D16F4004123B0 /* Mocks */ = {
			isa = PBXGroup;
			children = (
				FF518AF1280D1715004123B0 /* NavigationControllerMock.swift */,
				FF518AF3280D1831004123B0 /* NetworkReachabilityMock.swift */,
				FF518AFB280D2111004123B0 /* MenuViewControllerMock.swift */,
				FF518B03280D980A004123B0 /* HTTPClientMock.swift */,
			);
			path = Mocks;
			sourceTree = "<group>";
		};
		FF7E3425280660B100723913 = {
			isa = PBXGroup;
			children = (
				FF7E3430280660B100723913 /* MovieTime */,
				FF7E3447280660B300723913 /* MovieTimeTests */,
				FF7E3451280660B300723913 /* MovieTimeUITests */,
				FF7E342F280660B100723913 /* Products */,
			);
			sourceTree = "<group>";
		};
		FF7E342F280660B100723913 /* Products */ = {
			isa = PBXGroup;
			children = (
				FF7E342E280660B100723913 /* MovieTime.app */,
				FF7E3444280660B300723913 /* MovieTimeTests.xctest */,
				FF7E344E280660B300723913 /* MovieTimeUITests.xctest */,
			);
			name = Products;
			sourceTree = "<group>";
		};
		FF7E3430280660B100723913 /* MovieTime */ = {
			isa = PBXGroup;
			children = (
				FF518A942808B0AA004123B0 /* Utilts */,
				FF518A8F2808AE85004123B0 /* Domain Models */,
				FF1E1AD6280667D4009DB102 /* Networking */,
				FF518AD8280B7FBA004123B0 /* ViewCordinator */,
				FF1E1AD0280665E8009DB102 /* Scenes */,
				FF7E3431280660B100723913 /* AppDelegate.swift */,
				FF7E3433280660B100723913 /* SceneDelegate.swift */,
				FF7E3435280660B100723913 /* ViewController.swift */,
				FF7E343A280660B200723913 /* Assets.xcassets */,
				FF7E343C280660B200723913 /* LaunchScreen.storyboard */,
				FF7E343F280660B200723913 /* Info.plist */,
			);
			path = MovieTime;
			sourceTree = "<group>";
		};
		FF7E3447280660B300723913 /* MovieTimeTests */ = {
			isa = PBXGroup;
			children = (
				FF518AF0280D16F4004123B0 /* Mocks */,
				FF518AEE280D15EB004123B0 /* ViewCoordinatorTests.swift */,
				FF518AF7280D194E004123B0 /* MenuPresenterTests.swift */,
				FF518AF9280D1B61004123B0 /* PosterTableViewCellFactoryTests.swift */,
				FF518AFF280D23D8004123B0 /* HTTPResponseBuilderTests.swift */,
				FF518B01280D97E1004123B0 /* ImageCacheTests.swift */,
			);
			path = MovieTimeTests;
			sourceTree = "<group>";
		};
		FF7E3451280660B300723913 /* MovieTimeUITests */ = {
			isa = PBXGroup;
			children = (
				FF7E3452280660B300723913 /* MovieTimeUITests.swift */,
				FF7E3454280660B300723913 /* MovieTimeUITestsLaunchTests.swift */,
			);
			path = MovieTimeUITests;
			sourceTree = "<group>";
		};
/* End PBXGroup section */

/* Begin PBXNativeTarget section */
		FF7E342D280660B100723913 /* MovieTime */ = {
			isa = PBXNativeTarget;
			buildConfigurationList = FF7E3458280660B300723913 /* Build configuration list for PBXNativeTarget "MovieTime" */;
			buildPhases = (
				FF7E342A280660B100723913 /* Sources */,
				FF7E342B280660B100723913 /* Frameworks */,
				FF7E342C280660B100723913 /* Resources */,
			);
			buildRules = (
			);
			dependencies = (
			);
			name = MovieTime;
			productName = MovieTime;
			productReference = FF7E342E280660B100723913 /* MovieTime.app */;
			productType = "com.apple.product-type.application";
		};
		FF7E3443280660B300723913 /* MovieTimeTests */ = {
			isa = PBXNativeTarget;
			buildConfigurationList = FF7E345B280660B300723913 /* Build configuration list for PBXNativeTarget "MovieTimeTests" */;
			buildPhases = (
				FF7E3440280660B300723913 /* Sources */,
				FF7E3441280660B300723913 /* Frameworks */,
				FF7E3442280660B300723913 /* Resources */,
			);
			buildRules = (
			);
			dependencies = (
				FF7E3446280660B300723913 /* PBXTargetDependency */,
			);
			name = MovieTimeTests;
			productName = MovieTimeTests;
			productReference = FF7E3444280660B300723913 /* MovieTimeTests.xctest */;
			productType = "com.apple.product-type.bundle.unit-test";
		};
		FF7E344D280660B300723913 /* MovieTimeUITests */ = {
			isa = PBXNativeTarget;
			buildConfigurationList = FF7E345E280660B300723913 /* Build configuration list for PBXNativeTarget "MovieTimeUITests" */;
			buildPhases = (
				FF7E344A280660B300723913 /* Sources */,
				FF7E344B280660B300723913 /* Frameworks */,
				FF7E344C280660B300723913 /* Resources */,
			);
			buildRules = (
			);
			dependencies = (
				FF7E3450280660B300723913 /* PBXTargetDependency */,
			);
			name = MovieTimeUITests;
			productName = MovieTimeUITests;
			productReference = FF7E344E280660B300723913 /* MovieTimeUITests.xctest */;
			productType = "com.apple.product-type.bundle.ui-testing";
		};
/* End PBXNativeTarget section */

/* Begin PBXProject section */
		FF7E3426280660B100723913 /* Project object */ = {
			isa = PBXProject;
			attributes = {
				BuildIndependentTargetsInParallel = 1;
				LastSwiftUpdateCheck = 1320;
				LastUpgradeCheck = 1320;
				TargetAttributes = {
					FF7E342D280660B100723913 = {
						CreatedOnToolsVersion = 13.2.1;
					};
					FF7E3443280660B300723913 = {
						CreatedOnToolsVersion = 13.2.1;
						TestTargetID = FF7E342D280660B100723913;
					};
					FF7E344D280660B300723913 = {
						CreatedOnToolsVersion = 13.2.1;
						TestTargetID = FF7E342D280660B100723913;
					};
				};
			};
			buildConfigurationList = FF7E3429280660B100723913 /* Build configuration list for PBXProject "MovieTime" */;
			compatibilityVersion = "Xcode 13.0";
			developmentRegion = en;
			hasScannedForEncodings = 0;
			knownRegions = (
				en,
				Base,
			);
			mainGroup = FF7E3425280660B100723913;
			productRefGroup = FF7E342F280660B100723913 /* Products */;
			projectDirPath = "";
			projectRoot = "";
			targets = (
				FF7E342D280660B100723913 /* MovieTime */,
				FF7E3443280660B300723913 /* MovieTimeTests */,
				FF7E344D280660B300723913 /* MovieTimeUITests */,
			);
		};
/* End PBXProject section */

/* Begin PBXResourcesBuildPhase section */
		FF7E342C280660B100723913 /* Resources */ = {
			isa = PBXResourcesBuildPhase;
			buildActionMask = 2147483647;
			files = (
				FF518AD3280B7B23004123B0 /* MovieDetailViewController.xib in Resources */,
				FF518AC62809DD97004123B0 /* SearchMovieTableViewController.xib in Resources */,
				FF7E343E280660B200723913 /* LaunchScreen.storyboard in Resources */,
				FF518ACE280A64DD004123B0 /* LoaderTableViewCell.xib in Resources */,
				FF518A9A2808CA51004123B0 /* ListTableViewController.xib in Resources */,
				FF7E343B280660B200723913 /* Assets.xcassets in Resources */,
				FF518AA12808CC4E004123B0 /* PosterTableViewCell.xib in Resources */,
				FF518A8B28085911004123B0 /* MenuViewController.xib in Resources */,
			);
			runOnlyForDeploymentPostprocessing = 0;
		};
		FF7E3442280660B300723913 /* Resources */ = {
			isa = PBXResourcesBuildPhase;
			buildActionMask = 2147483647;
			files = (
			);
			runOnlyForDeploymentPostprocessing = 0;
		};
		FF7E344C280660B300723913 /* Resources */ = {
			isa = PBXResourcesBuildPhase;
			buildActionMask = 2147483647;
			files = (
			);
			runOnlyForDeploymentPostprocessing = 0;
		};
/* End PBXResourcesBuildPhase section */

/* Begin PBXSourcesBuildPhase section */
		FF7E342A280660B100723913 /* Sources */ = {
			isa = PBXSourcesBuildPhase;
			buildActionMask = 2147483647;
			files = (
				FF7E3436280660B100723913 /* ViewController.swift in Sources */,
				FF518AD2280B7B23004123B0 /* MovieDetailViewController.swift in Sources */,
				FF518AEB280CE3C1004123B0 /* Reachability.swift in Sources */,
				FF518AE3280BC9A6004123B0 /* MovieDetailResponse.swift in Sources */,
				FF518AE7280CA819004123B0 /* AlertViewModel.swift in Sources */,
				FF518A8A28085911004123B0 /* MenuViewController.swift in Sources */,
				FF7E3432280660B100723913 /* AppDelegate.swift in Sources */,
				FF518AED280CEA3E004123B0 /* CodableStorage.swift in Sources */,
				FF518A8E28085C8E004123B0 /* MenuPresenter.swift in Sources */,
				FF518AA02808CC4E004123B0 /* PosterTableViewCell.swift in Sources */,
				FF518AB12808F6F8004123B0 /* TableViewExtension.swift in Sources */,
				FF518A992808CA51004123B0 /* ListTableViewController.swift in Sources */,
				FF518AD5280B7B8C004123B0 /* MovieDetailPresenter.swift in Sources */,
				FF1E1ADB28067D18009DB102 /* HTTPClient.swift in Sources */,
				FF518AE9280CA903004123B0 /* UIAlertController.swift in Sources */,
				FF518AD7280B7D08004123B0 /* SearchMoviePresenter.swift in Sources */,
				FF518A9C2808CA94004123B0 /* ListPresenter.swift in Sources */,
				FF518AB32809D78B004123B0 /* MainThreadExecutable.swift in Sources */,
				FF518A962808B0EC004123B0 /* LoadingView.swift in Sources */,
				FF1E1AE22806FF72009DB102 /* HTTPResponseBuilder.swift in Sources */,
				FF518ADF280BA82E004123B0 /* ListMoviesDisplayable.swift in Sources */,
				FF518ACD280A64DD004123B0 /* LoaderTableViewCell.swift in Sources */,
				FF518A912808AEC4004123B0 /* ResultResponse.swift in Sources */,
				FF1E1AE0280682EF009DB102 /* URLSessionHTTPClient.swift in Sources */,
				FF518AA42808CFE3004123B0 /* UITableViewCellRegistrable.swift in Sources */,
				FF518ADA280B7FD1004123B0 /* ViewCoordinator.swift in Sources */,
				FF518ADD280BA7F5004123B0 /* ListPresentable.swift in Sources */,
				FF1E1ADE28067ED5009DB102 /* HTTPRespose.swift in Sources */,
				FF518AAA2808D69F004123B0 /* PosterViewModel.swift in Sources */,
				FF518AAF2808F681004123B0 /* TableViewModel.swift in Sources */,
				FF518AE1280BB2D6004123B0 /* LoaderDisplayable.swift in Sources */,
				FF518AC52809DD97004123B0 /* SearchMovieTableViewController.swift in Sources */,
				FF518AB52809D7C5004123B0 /* ImageCache.swift in Sources */,
				FF518AAC2808E392004123B0 /* MovieDatabaseService.swift in Sources */,
				FF1E1AD928067840009DB102 /* HTTPRequestable.swift in Sources */,
				FF7E3434280660B100723913 /* SceneDelegate.swift in Sources */,
				FF518AA62808D4D1004123B0 /* PosterTableViewCellFactory.swift in Sources */,
				FF518AE5280BD3B0004123B0 /* Requests.swift in Sources */,
				FF518A932808AF1C004123B0 /* MoviesResponse.swift in Sources */,
			);
			runOnlyForDeploymentPostprocessing = 0;
		};
		FF7E3440280660B300723913 /* Sources */ = {
			isa = PBXSourcesBuildPhase;
			buildActionMask = 2147483647;
			files = (
				FF518AEF280D15EB004123B0 /* ViewCoordinatorTests.swift in Sources */,
				FF518AF2280D1715004123B0 /* NavigationControllerMock.swift in Sources */,
				FF518B02280D97E1004123B0 /* ImageCacheTests.swift in Sources */,
				FF518AFA280D1B61004123B0 /* PosterTableViewCellFactoryTests.swift in Sources */,
				FF518B00280D23D8004123B0 /* HTTPResponseBuilderTests.swift in Sources */,
				FF518AF4280D1831004123B0 /* NetworkReachabilityMock.swift in Sources */,
				FF518AF8280D194E004123B0 /* MenuPresenterTests.swift in Sources */,
				FF518AFC280D2111004123B0 /* MenuViewControllerMock.swift in Sources */,
				FF518B04280D980A004123B0 /* HTTPClientMock.swift in Sources */,
			);
			runOnlyForDeploymentPostprocessing = 0;
		};
		FF7E344A280660B300723913 /* Sources */ = {
			isa = PBXSourcesBuildPhase;
			buildActionMask = 2147483647;
			files = (
				FF7E3455280660B300723913 /* MovieTimeUITestsLaunchTests.swift in Sources */,
				FF7E3453280660B300723913 /* MovieTimeUITests.swift in Sources */,
			);
			runOnlyForDeploymentPostprocessing = 0;
		};
/* End PBXSourcesBuildPhase section */

/* Begin PBXTargetDependency section */
		FF7E3446280660B300723913 /* PBXTargetDependency */ = {
			isa = PBXTargetDependency;
			target = FF7E342D280660B100723913 /* MovieTime */;
			targetProxy = FF7E3445280660B300723913 /* PBXContainerItemProxy */;
		};
		FF7E3450280660B300723913 /* PBXTargetDependency */ = {
			isa = PBXTargetDependency;
			target = FF7E342D280660B100723913 /* MovieTime */;
			targetProxy = FF7E344F280660B300723913 /* PBXContainerItemProxy */;
		};
/* End PBXTargetDependency section */

/* Begin PBXVariantGroup section */
		FF7E343C280660B200723913 /* LaunchScreen.storyboard */ = {
			isa = PBXVariantGroup;
			children = (
				FF7E343D280660B200723913 /* Base */,
			);
			name = LaunchScreen.storyboard;
			sourceTree = "<group>";
		};
/* End PBXVariantGroup section */

/* Begin XCBuildConfiguration section */
		FF7E3456280660B300723913 /* Debug */ = {
			isa = XCBuildConfiguration;
			buildSettings = {
				ALWAYS_SEARCH_USER_PATHS = NO;
				CLANG_ANALYZER_NONNULL = YES;
				CLANG_ANALYZER_NUMBER_OBJECT_CONVERSION = YES_AGGRESSIVE;
				CLANG_CXX_LANGUAGE_STANDARD = "gnu++17";
				CLANG_CXX_LIBRARY = "libc++";
				CLANG_ENABLE_MODULES = YES;
				CLANG_ENABLE_OBJC_ARC = YES;
				CLANG_ENABLE_OBJC_WEAK = YES;
				CLANG_WARN_BLOCK_CAPTURE_AUTORELEASING = YES;
				CLANG_WARN_BOOL_CONVERSION = YES;
				CLANG_WARN_COMMA = YES;
				CLANG_WARN_CONSTANT_CONVERSION = YES;
				CLANG_WARN_DEPRECATED_OBJC_IMPLEMENTATIONS = YES;
				CLANG_WARN_DIRECT_OBJC_ISA_USAGE = YES_ERROR;
				CLANG_WARN_DOCUMENTATION_COMMENTS = YES;
				CLANG_WARN_EMPTY_BODY = YES;
				CLANG_WARN_ENUM_CONVERSION = YES;
				CLANG_WARN_INFINITE_RECURSION = YES;
				CLANG_WARN_INT_CONVERSION = YES;
				CLANG_WARN_NON_LITERAL_NULL_CONVERSION = YES;
				CLANG_WARN_OBJC_IMPLICIT_RETAIN_SELF = YES;
				CLANG_WARN_OBJC_LITERAL_CONVERSION = YES;
				CLANG_WARN_OBJC_ROOT_CLASS = YES_ERROR;
				CLANG_WARN_QUOTED_INCLUDE_IN_FRAMEWORK_HEADER = YES;
				CLANG_WARN_RANGE_LOOP_ANALYSIS = YES;
				CLANG_WARN_STRICT_PROTOTYPES = YES;
				CLANG_WARN_SUSPICIOUS_MOVE = YES;
				CLANG_WARN_UNGUARDED_AVAILABILITY = YES_AGGRESSIVE;
				CLANG_WARN_UNREACHABLE_CODE = YES;
				CLANG_WARN__DUPLICATE_METHOD_MATCH = YES;
				COPY_PHASE_STRIP = NO;
				DEBUG_INFORMATION_FORMAT = dwarf;
				ENABLE_STRICT_OBJC_MSGSEND = YES;
				ENABLE_TESTABILITY = YES;
				GCC_C_LANGUAGE_STANDARD = gnu11;
				GCC_DYNAMIC_NO_PIC = NO;
				GCC_NO_COMMON_BLOCKS = YES;
				GCC_OPTIMIZATION_LEVEL = 0;
				GCC_PREPROCESSOR_DEFINITIONS = (
					"DEBUG=1",
					"$(inherited)",
				);
				GCC_WARN_64_TO_32_BIT_CONVERSION = YES;
				GCC_WARN_ABOUT_RETURN_TYPE = YES_ERROR;
				GCC_WARN_UNDECLARED_SELECTOR = YES;
				GCC_WARN_UNINITIALIZED_AUTOS = YES_AGGRESSIVE;
				GCC_WARN_UNUSED_FUNCTION = YES;
				GCC_WARN_UNUSED_VARIABLE = YES;
				IPHONEOS_DEPLOYMENT_TARGET = 15.2;
				MTL_ENABLE_DEBUG_INFO = INCLUDE_SOURCE;
				MTL_FAST_MATH = YES;
				ONLY_ACTIVE_ARCH = YES;
				SDKROOT = iphoneos;
				SWIFT_ACTIVE_COMPILATION_CONDITIONS = DEBUG;
				SWIFT_OPTIMIZATION_LEVEL = "-Onone";
			};
			name = Debug;
		};
		FF7E3457280660B300723913 /* Release */ = {
			isa = XCBuildConfiguration;
			buildSettings = {
				ALWAYS_SEARCH_USER_PATHS = NO;
				CLANG_ANALYZER_NONNULL = YES;
				CLANG_ANALYZER_NUMBER_OBJECT_CONVERSION = YES_AGGRESSIVE;
				CLANG_CXX_LANGUAGE_STANDARD = "gnu++17";
				CLANG_CXX_LIBRARY = "libc++";
				CLANG_ENABLE_MODULES = YES;
				CLANG_ENABLE_OBJC_ARC = YES;
				CLANG_ENABLE_OBJC_WEAK = YES;
				CLANG_WARN_BLOCK_CAPTURE_AUTORELEASING = YES;
				CLANG_WARN_BOOL_CONVERSION = YES;
				CLANG_WARN_COMMA = YES;
				CLANG_WARN_CONSTANT_CONVERSION = YES;
				CLANG_WARN_DEPRECATED_OBJC_IMPLEMENTATIONS = YES;
				CLANG_WARN_DIRECT_OBJC_ISA_USAGE = YES_ERROR;
				CLANG_WARN_DOCUMENTATION_COMMENTS = YES;
				CLANG_WARN_EMPTY_BODY = YES;
				CLANG_WARN_ENUM_CONVERSION = YES;
				CLANG_WARN_INFINITE_RECURSION = YES;
				CLANG_WARN_INT_CONVERSION = YES;
				CLANG_WARN_NON_LITERAL_NULL_CONVERSION = YES;
				CLANG_WARN_OBJC_IMPLICIT_RETAIN_SELF = YES;
				CLANG_WARN_OBJC_LITERAL_CONVERSION = YES;
				CLANG_WARN_OBJC_ROOT_CLASS = YES_ERROR;
				CLANG_WARN_QUOTED_INCLUDE_IN_FRAMEWORK_HEADER = YES;
				CLANG_WARN_RANGE_LOOP_ANALYSIS = YES;
				CLANG_WARN_STRICT_PROTOTYPES = YES;
				CLANG_WARN_SUSPICIOUS_MOVE = YES;
				CLANG_WARN_UNGUARDED_AVAILABILITY = YES_AGGRESSIVE;
				CLANG_WARN_UNREACHABLE_CODE = YES;
				CLANG_WARN__DUPLICATE_METHOD_MATCH = YES;
				COPY_PHASE_STRIP = NO;
				DEBUG_INFORMATION_FORMAT = "dwarf-with-dsym";
				ENABLE_NS_ASSERTIONS = NO;
				ENABLE_STRICT_OBJC_MSGSEND = YES;
				GCC_C_LANGUAGE_STANDARD = gnu11;
				GCC_NO_COMMON_BLOCKS = YES;
				GCC_WARN_64_TO_32_BIT_CONVERSION = YES;
				GCC_WARN_ABOUT_RETURN_TYPE = YES_ERROR;
				GCC_WARN_UNDECLARED_SELECTOR = YES;
				GCC_WARN_UNINITIALIZED_AUTOS = YES_AGGRESSIVE;
				GCC_WARN_UNUSED_FUNCTION = YES;
				GCC_WARN_UNUSED_VARIABLE = YES;
				IPHONEOS_DEPLOYMENT_TARGET = 15.2;
				MTL_ENABLE_DEBUG_INFO = NO;
				MTL_FAST_MATH = YES;
				SDKROOT = iphoneos;
				SWIFT_COMPILATION_MODE = wholemodule;
				SWIFT_OPTIMIZATION_LEVEL = "-O";
				VALIDATE_PRODUCT = YES;
			};
			name = Release;
		};
		FF7E3459280660B300723913 /* Debug */ = {
			isa = XCBuildConfiguration;
			buildSettings = {
				ASSETCATALOG_COMPILER_APPICON_NAME = AppIcon;
				ASSETCATALOG_COMPILER_GLOBAL_ACCENT_COLOR_NAME = AccentColor;
				CODE_SIGN_STYLE = Automatic;
				CURRENT_PROJECT_VERSION = 1;
				DEVELOPMENT_TEAM = SZT6MJS88A;
				GENERATE_INFOPLIST_FILE = YES;
				INFOPLIST_FILE = MovieTime/Info.plist;
				INFOPLIST_KEY_UIApplicationSupportsIndirectInputEvents = YES;
				INFOPLIST_KEY_UILaunchStoryboardName = LaunchScreen;
				INFOPLIST_KEY_UISupportedInterfaceOrientations = UIInterfaceOrientationPortrait;
				INFOPLIST_KEY_UISupportedInterfaceOrientations_iPad = "UIInterfaceOrientationPortrait UIInterfaceOrientationPortraitUpsideDown UIInterfaceOrientationLandscapeLeft UIInterfaceOrientationLandscapeRight";
				INFOPLIST_KEY_UISupportedInterfaceOrientations_iPhone = "UIInterfaceOrientationPortrait UIInterfaceOrientationLandscapeLeft UIInterfaceOrientationLandscapeRight";
				LD_RUNPATH_SEARCH_PATHS = (
					"$(inherited)",
					"@executable_path/Frameworks",
				);
				MARKETING_VERSION = 1.0;
				PRODUCT_BUNDLE_IDENTIFIER = InHouse.MovieTime;
				PRODUCT_NAME = "$(TARGET_NAME)";
				SWIFT_EMIT_LOC_STRINGS = YES;
				SWIFT_VERSION = 5.0;
				TARGETED_DEVICE_FAMILY = 1;
			};
			name = Debug;
		};
		FF7E345A280660B300723913 /* Release */ = {
			isa = XCBuildConfiguration;
			buildSettings = {
				ASSETCATALOG_COMPILER_APPICON_NAME = AppIcon;
				ASSETCATALOG_COMPILER_GLOBAL_ACCENT_COLOR_NAME = AccentColor;
				CODE_SIGN_STYLE = Automatic;
				CURRENT_PROJECT_VERSION = 1;
				DEVELOPMENT_TEAM = SZT6MJS88A;
				GENERATE_INFOPLIST_FILE = YES;
				INFOPLIST_FILE = MovieTime/Info.plist;
				INFOPLIST_KEY_UIApplicationSupportsIndirectInputEvents = YES;
				INFOPLIST_KEY_UILaunchStoryboardName = LaunchScreen;
				INFOPLIST_KEY_UISupportedInterfaceOrientations = UIInterfaceOrientationPortrait;
				INFOPLIST_KEY_UISupportedInterfaceOrientations_iPad = "UIInterfaceOrientationPortrait UIInterfaceOrientationPortraitUpsideDown UIInterfaceOrientationLandscapeLeft UIInterfaceOrientationLandscapeRight";
				INFOPLIST_KEY_UISupportedInterfaceOrientations_iPhone = "UIInterfaceOrientationPortrait UIInterfaceOrientationLandscapeLeft UIInterfaceOrientationLandscapeRight";
				LD_RUNPATH_SEARCH_PATHS = (
					"$(inherited)",
					"@executable_path/Frameworks",
				);
				MARKETING_VERSION = 1.0;
				PRODUCT_BUNDLE_IDENTIFIER = InHouse.MovieTime;
				PRODUCT_NAME = "$(TARGET_NAME)";
				SWIFT_EMIT_LOC_STRINGS = YES;
				SWIFT_VERSION = 5.0;
				TARGETED_DEVICE_FAMILY = 1;
			};
			name = Release;
		};
		FF7E345C280660B300723913 /* Debug */ = {
			isa = XCBuildConfiguration;
			buildSettings = {
				ALWAYS_EMBED_SWIFT_STANDARD_LIBRARIES = YES;
				BUNDLE_LOADER = "$(TEST_HOST)";
				CODE_SIGN_STYLE = Automatic;
				CURRENT_PROJECT_VERSION = 1;
				DEVELOPMENT_TEAM = SZT6MJS88A;
				GENERATE_INFOPLIST_FILE = YES;
				IPHONEOS_DEPLOYMENT_TARGET = 15.2;
				MARKETING_VERSION = 1.0;
				PRODUCT_BUNDLE_IDENTIFIER = InHouse.MovieTimeTests;
				PRODUCT_NAME = "$(TARGET_NAME)";
				SWIFT_EMIT_LOC_STRINGS = NO;
				SWIFT_VERSION = 5.0;
				TARGETED_DEVICE_FAMILY = "1,2";
				TEST_HOST = "$(BUILT_PRODUCTS_DIR)/MovieTime.app/MovieTime";
			};
			name = Debug;
		};
		FF7E345D280660B300723913 /* Release */ = {
			isa = XCBuildConfiguration;
			buildSettings = {
				ALWAYS_EMBED_SWIFT_STANDARD_LIBRARIES = YES;
				BUNDLE_LOADER = "$(TEST_HOST)";
				CODE_SIGN_STYLE = Automatic;
				CURRENT_PROJECT_VERSION = 1;
				DEVELOPMENT_TEAM = SZT6MJS88A;
				GENERATE_INFOPLIST_FILE = YES;
				IPHONEOS_DEPLOYMENT_TARGET = 15.2;
				MARKETING_VERSION = 1.0;
				PRODUCT_BUNDLE_IDENTIFIER = InHouse.MovieTimeTests;
				PRODUCT_NAME = "$(TARGET_NAME)";
				SWIFT_EMIT_LOC_STRINGS = NO;
				SWIFT_VERSION = 5.0;
				TARGETED_DEVICE_FAMILY = "1,2";
				TEST_HOST = "$(BUILT_PRODUCTS_DIR)/MovieTime.app/MovieTime";
			};
			name = Release;
		};
		FF7E345F280660B300723913 /* Debug */ = {
			isa = XCBuildConfiguration;
			buildSettings = {
				ALWAYS_EMBED_SWIFT_STANDARD_LIBRARIES = YES;
				CODE_SIGN_STYLE = Automatic;
				CURRENT_PROJECT_VERSION = 1;
				DEVELOPMENT_TEAM = SZT6MJS88A;
				GENERATE_INFOPLIST_FILE = YES;
				MARKETING_VERSION = 1.0;
				PRODUCT_BUNDLE_IDENTIFIER = InHouse.MovieTimeUITests;
				PRODUCT_NAME = "$(TARGET_NAME)";
				SWIFT_EMIT_LOC_STRINGS = NO;
				SWIFT_VERSION = 5.0;
				TARGETED_DEVICE_FAMILY = "1,2";
				TEST_TARGET_NAME = MovieTime;
			};
			name = Debug;
		};
		FF7E3460280660B300723913 /* Release */ = {
			isa = XCBuildConfiguration;
			buildSettings = {
				ALWAYS_EMBED_SWIFT_STANDARD_LIBRARIES = YES;
				CODE_SIGN_STYLE = Automatic;
				CURRENT_PROJECT_VERSION = 1;
				DEVELOPMENT_TEAM = SZT6MJS88A;
				GENERATE_INFOPLIST_FILE = YES;
				MARKETING_VERSION = 1.0;
				PRODUCT_BUNDLE_IDENTIFIER = InHouse.MovieTimeUITests;
				PRODUCT_NAME = "$(TARGET_NAME)";
				SWIFT_EMIT_LOC_STRINGS = NO;
				SWIFT_VERSION = 5.0;
				TARGETED_DEVICE_FAMILY = "1,2";
				TEST_TARGET_NAME = MovieTime;
			};
			name = Release;
		};
/* End XCBuildConfiguration section */

/* Begin XCConfigurationList section */
		FF7E3429280660B100723913 /* Build configuration list for PBXProject "MovieTime" */ = {
			isa = XCConfigurationList;
			buildConfigurations = (
				FF7E3456280660B300723913 /* Debug */,
				FF7E3457280660B300723913 /* Release */,
			);
			defaultConfigurationIsVisible = 0;
			defaultConfigurationName = Release;
		};
		FF7E3458280660B300723913 /* Build configuration list for PBXNativeTarget "MovieTime" */ = {
			isa = XCConfigurationList;
			buildConfigurations = (
				FF7E3459280660B300723913 /* Debug */,
				FF7E345A280660B300723913 /* Release */,
			);
			defaultConfigurationIsVisible = 0;
			defaultConfigurationName = Release;
		};
		FF7E345B280660B300723913 /* Build configuration list for PBXNativeTarget "MovieTimeTests" */ = {
			isa = XCConfigurationList;
			buildConfigurations = (
				FF7E345C280660B300723913 /* Debug */,
				FF7E345D280660B300723913 /* Release */,
			);
			defaultConfigurationIsVisible = 0;
			defaultConfigurationName = Release;
		};
		FF7E345E280660B300723913 /* Build configuration list for PBXNativeTarget "MovieTimeUITests" */ = {
			isa = XCConfigurationList;
			buildConfigurations = (
				FF7E345F280660B300723913 /* Debug */,
				FF7E3460280660B300723913 /* Release */,
			);
			defaultConfigurationIsVisible = 0;
			defaultConfigurationName = Release;
		};
/* End XCConfigurationList section */
	};
	rootObject = FF7E3426280660B100723913 /* Project object */;
}
